
Microsoft Visual Studio Solution File, Format Version 12.00
# Visual Studio Version 17
VisualStudioVersion = 17.10.35013.160
MinimumVisualStudioVersion = 10.0.40219.1
Project("{FAE04EC0-301F-11D3-BF4B-00C04F79EFBC}") = "WebStoreMODEL", "WebStoreMODEL\WebStoreMODEL.csproj", "{7613C812-719A-4321-B3BA-AFB32F4BE727}"
EndProject
Project("{FAE04EC0-301F-11D3-BF4B-00C04F79EFBC}") = "WebStore.Data", "WebStore.Data\WebStore.Data.csproj", "{B1ECF731-CB70-4BB2-9617-9BD5C0ABAE48}"
EndProject
Project("{FAE04EC0-301F-11D3-BF4B-00C04F79EFBC}") = "WebStore.Models", "WebStore.Models\WebStore.Models.csproj", "{BB503AAA-2694-47B9-8284-7B335DEE267F}"
EndProject
Project("{FAE04EC0-301F-11D3-BF4B-00C04F79EFBC}") = "WebStore.Utility", "WebStore.Utility\WebStore.Utility.csproj", "{91028020-6FC8-4D91-B6F6-5854549B05C5}"
EndProject
Global
	GlobalSection(SolutionConfigurationPlatforms) = preSolution
		Debug|Any CPU = Debug|Any CPU
		Release|Any CPU = Release|Any CPU
	EndGlobalSection
	GlobalSection(ProjectConfigurationPlatforms) = postSolution
		{7613C812-719A-4321-B3BA-AFB32F4BE727}.Debug|Any CPU.ActiveCfg = Debug|Any CPU
		{7613C812-719A-4321-B3BA-AFB32F4BE727}.Debug|Any CPU.Build.0 = Debug|Any CPU
		{7613C812-719A-4321-B3BA-AFB32F4BE727}.Release|Any CPU.ActiveCfg = Release|Any CPU
		{7613C812-719A-4321-B3BA-AFB32F4BE727}.Release|Any CPU.Build.0 = Release|Any CPU
		{B1ECF731-CB70-4BB2-9617-9BD5C0ABAE48}.Debug|Any CPU.ActiveCfg = Debug|Any CPU
		{B1ECF731-CB70-4BB2-9617-9BD5C0ABAE48}.Debug|Any CPU.Build.0 = Debug|Any CPU
		{B1ECF731-CB70-4BB2-9617-9BD5C0ABAE48}.Release|Any CPU.ActiveCfg = Release|Any CPU
		{B1ECF731-CB70-4BB2-9617-9BD5C0ABAE48}.Release|Any CPU.Build.0 = Release|Any CPU
		{BB503AAA-2694-47B9-8284-7B335DEE267F}.Debug|Any CPU.ActiveCfg = Debug|Any CPU
		{BB503AAA-2694-47B9-8284-7B335DEE267F}.Debug|Any CPU.Build.0 = Debug|Any CPU
		{BB503AAA-2694-47B9-8284-7B335DEE267F}.Release|Any CPU.ActiveCfg = Release|Any CPU
		{BB503AAA-2694-47B9-8284-7B335DEE267F}.Release|Any CPU.Build.0 = Release|Any CPU
		{91028020-6FC8-4D91-B6F6-5854549B05C5}.Debug|Any CPU.ActiveCfg = Debug|Any CPU
		{91028020-6FC8-4D91-B6F6-5854549B05C5}.Debug|Any CPU.Build.0 = Debug|Any CPU
		{91028020-6FC8-4D91-B6F6-5854549B05C5}.Release|Any CPU.ActiveCfg = Release|Any CPU
		{91028020-6FC8-4D91-B6F6-5854549B05C5}.Release|Any CPU.Build.0 = Release|Any CPU
	EndGlobalSection
	GlobalSection(SolutionProperties) = preSolution
		HideSolutionNode = FALSE
	EndGlobalSection
	GlobalSection(ExtensibilityGlobals) = postSolution
		SolutionGuid = {334B7E9D-0875-4E18-AA7D-4DA21520EEBF}
	EndGlobalSection
EndGlobal
